
Microsoft Visual Studio Solution File, Format Version 12.00
# Visual Studio Version 17
VisualStudioVersion = 17.10.35122.118
MinimumVisualStudioVersion = 10.0.40219.1
Project("{9A19103F-16F7-4668-BE54-9A1E7A4F7556}") = "Progressus.Soft.Maui.Components", "Progressus.Soft.Maui.Components\Progressus.Soft.Maui.Components.csproj", "{28AC26AF-2074-40F6-9740-971FFC6F7DDF}"
EndProject
Project("{9A19103F-16F7-4668-BE54-9A1E7A4F7556}") = "TestingApp", "TestingApp\TestingApp.csproj", "{0B73DBE5-EBF3-47A0-9C00-D7916076FE56}"
EndProject
Global
	GlobalSection(SolutionConfigurationPlatforms) = preSolution
		Debug|Any CPU = Debug|Any CPU
		Release|Any CPU = Release|Any CPU
	EndGlobalSection
	GlobalSection(ProjectConfigurationPlatforms) = postSolution
		{28AC26AF-2074-40F6-9740-971FFC6F7DDF}.Debug|Any CPU.ActiveCfg = Debug|Any CPU
		{28AC26AF-2074-40F6-9740-971FFC6F7DDF}.Debug|Any CPU.Build.0 = Debug|Any CPU
		{28AC26AF-2074-40F6-9740-971FFC6F7DDF}.Release|Any CPU.ActiveCfg = Release|Any CPU
		{28AC26AF-2074-40F6-9740-971FFC6F7DDF}.Release|Any CPU.Build.0 = Release|Any CPU
		{0B73DBE5-EBF3-47A0-9C00-D7916076FE56}.Debug|Any CPU.ActiveCfg = Debug|Any CPU
		{0B73DBE5-EBF3-47A0-9C00-D7916076FE56}.Debug|Any CPU.Build.0 = Debug|Any CPU
		{0B73DBE5-EBF3-47A0-9C00-D7916076FE56}.Debug|Any CPU.Deploy.0 = Debug|Any CPU
		{0B73DBE5-EBF3-47A0-9C00-D7916076FE56}.Release|Any CPU.ActiveCfg = Release|Any CPU
		{0B73DBE5-EBF3-47A0-9C00-D7916076FE56}.Release|Any CPU.Build.0 = Release|Any CPU
		{0B73DBE5-EBF3-47A0-9C00-D7916076FE56}.Release|Any CPU.Deploy.0 = Release|Any CPU
	EndGlobalSection
	GlobalSection(SolutionProperties) = preSolution
		HideSolutionNode = FALSE
	EndGlobalSection
	GlobalSection(ExtensibilityGlobals) = postSolution
		SolutionGuid = {E1949EAD-93FF-4D6E-AE07-08A3CCD43E79}
	EndGlobalSection
EndGlobal
